
Microsoft Visual Studio Solution File, Format Version 12.00
# Visual Studio Version 16
VisualStudioVersion = 16.0.30503.244
MinimumVisualStudioVersion = 10.0.40219.1
Project("{FAE04EC0-301F-11D3-BF4B-00C04F79EFBC}") = "ObjektnoProgramiranjeLV1", "ObjektnoProgramiranjeLV1\ObjektnoProgramiranjeLV1.csproj", "{DF035834-B9E8-4C3B-9CAD-1BA0CAB0F457}"
EndProject
Global
	GlobalSection(SolutionConfigurationPlatforms) = preSolution
		Debug|Any CPU = Debug|Any CPU
		Release|Any CPU = Release|Any CPU
	EndGlobalSection
	GlobalSection(ProjectConfigurationPlatforms) = postSolution
		{DF035834-B9E8-4C3B-9CAD-1BA0CAB0F457}.Debug|Any CPU.ActiveCfg = Debug|Any CPU
		{DF035834-B9E8-4C3B-9CAD-1BA0CAB0F457}.Debug|Any CPU.Build.0 = Debug|Any CPU
		{DF035834-B9E8-4C3B-9CAD-1BA0CAB0F457}.Release|Any CPU.ActiveCfg = Release|Any CPU
		{DF035834-B9E8-4C3B-9CAD-1BA0CAB0F457}.Release|Any CPU.Build.0 = Release|Any CPU
	EndGlobalSection
	GlobalSection(SolutionProperties) = preSolution
		HideSolutionNode = FALSE
	EndGlobalSection
	GlobalSection(ExtensibilityGlobals) = postSolution
		SolutionGuid = {17987CE8-FE74-42D6-BCD9-5F34F6B5770F}
	EndGlobalSection
EndGlobal
